
Microsoft Visual Studio Solution File, Format Version 12.00
# Visual Studio 15
Project("{FAE04EC0-301F-11D3-BF4B-00C04F79EFBC}") = "RomanNumerals", "RomanNumerals\RomanNumerals.csproj", "{AFA6F49A-70E7-4702-A3F6-6CF6480270AF}"
EndProject
Project("{FAE04EC0-301F-11D3-BF4B-00C04F79EFBC}") = "RomanNumeralTestProject", "RomanNumeralTestProject\RomanNumeralTestProject.csproj", "{71AE867E-E0BA-4779-B8CA-B6B96FFC5CEE}"
EndProject
Global
	GlobalSection(SolutionConfigurationPlatforms) = preSolution
		Debug|Any CPU = Debug|Any CPU
		Release|Any CPU = Release|Any CPU
	EndGlobalSection
	GlobalSection(ProjectConfigurationPlatforms) = postSolution
		{AFA6F49A-70E7-4702-A3F6-6CF6480270AF}.Debug|Any CPU.ActiveCfg = Debug|Any CPU
		{AFA6F49A-70E7-4702-A3F6-6CF6480270AF}.Debug|Any CPU.Build.0 = Debug|Any CPU
		{AFA6F49A-70E7-4702-A3F6-6CF6480270AF}.Release|Any CPU.ActiveCfg = Release|Any CPU
		{AFA6F49A-70E7-4702-A3F6-6CF6480270AF}.Release|Any CPU.Build.0 = Release|Any CPU
		{71AE867E-E0BA-4779-B8CA-B6B96FFC5CEE}.Debug|Any CPU.ActiveCfg = Debug|Any CPU
		{71AE867E-E0BA-4779-B8CA-B6B96FFC5CEE}.Debug|Any CPU.Build.0 = Debug|Any CPU
		{71AE867E-E0BA-4779-B8CA-B6B96FFC5CEE}.Release|Any CPU.ActiveCfg = Release|Any CPU
		{71AE867E-E0BA-4779-B8CA-B6B96FFC5CEE}.Release|Any CPU.Build.0 = Release|Any CPU
	EndGlobalSection
EndGlobal
